
Microsoft Visual Studio Solution File, Format Version 12.00
# Visual Studio Version 16
VisualStudioVersion = 16.0.31911.196
MinimumVisualStudioVersion = 10.0.40219.1
Project("{FAE04EC0-301F-11D3-BF4B-00C04F79EFBC}") = "MoonUI", "MoonUI\MoonUI.csproj", "{726AF9D4-AE35-404F-BF1A-CBB45AD31E85}"
EndProject
Project("{FAE04EC0-301F-11D3-BF4B-00C04F79EFBC}") = "Demo", "Demo\Demo.csproj", "{61699ADE-2B7E-422E-BD1D-F920BBEC1021}"
EndProject
Global
	GlobalSection(SolutionConfigurationPlatforms) = preSolution
		Debug|Any CPU = Debug|Any CPU
		Release|Any CPU = Release|Any CPU
	EndGlobalSection
	GlobalSection(ProjectConfigurationPlatforms) = postSolution
		{726AF9D4-AE35-404F-BF1A-CBB45AD31E85}.Debug|Any CPU.ActiveCfg = Debug|Any CPU
		{726AF9D4-AE35-404F-BF1A-CBB45AD31E85}.Debug|Any CPU.Build.0 = Debug|Any CPU
		{726AF9D4-AE35-404F-BF1A-CBB45AD31E85}.Release|Any CPU.ActiveCfg = Release|Any CPU
		{726AF9D4-AE35-404F-BF1A-CBB45AD31E85}.Release|Any CPU.Build.0 = Release|Any CPU
		{61699ADE-2B7E-422E-BD1D-F920BBEC1021}.Debug|Any CPU.ActiveCfg = Debug|Any CPU
		{61699ADE-2B7E-422E-BD1D-F920BBEC1021}.Debug|Any CPU.Build.0 = Debug|Any CPU
		{61699ADE-2B7E-422E-BD1D-F920BBEC1021}.Release|Any CPU.ActiveCfg = Release|Any CPU
		{61699ADE-2B7E-422E-BD1D-F920BBEC1021}.Release|Any CPU.Build.0 = Release|Any CPU
	EndGlobalSection
	GlobalSection(SolutionProperties) = preSolution
		HideSolutionNode = FALSE
	EndGlobalSection
	GlobalSection(ExtensibilityGlobals) = postSolution
		SolutionGuid = {80B459DD-ED4F-413B-A01D-0068479FF5A9}
	EndGlobalSection
EndGlobal
